
Microsoft Visual Studio Solution File, Format Version 12.00
# Visual Studio Version 17
VisualStudioVersion = 17.6.33723.286
MinimumVisualStudioVersion = 10.0.40219.1
Project("{FAE04EC0-301F-11D3-BF4B-00C04F79EFBC}") = "Nupat_MVC_Identity", "Nupat_MVC_Identity.csproj", "{833B3D48-DBE8-4517-A651-333EEAF7161D}"
EndProject
Global
	GlobalSection(SolutionConfigurationPlatforms) = preSolution
		Debug|Any CPU = Debug|Any CPU
		Release|Any CPU = Release|Any CPU
	EndGlobalSection
	GlobalSection(ProjectConfigurationPlatforms) = postSolution
		{833B3D48-DBE8-4517-A651-333EEAF7161D}.Debug|Any CPU.ActiveCfg = Debug|Any CPU
		{833B3D48-DBE8-4517-A651-333EEAF7161D}.Debug|Any CPU.Build.0 = Debug|Any CPU
		{833B3D48-DBE8-4517-A651-333EEAF7161D}.Release|Any CPU.ActiveCfg = Release|Any CPU
		{833B3D48-DBE8-4517-A651-333EEAF7161D}.Release|Any CPU.Build.0 = Release|Any CPU
	EndGlobalSection
	GlobalSection(SolutionProperties) = preSolution
		HideSolutionNode = FALSE
	EndGlobalSection
	GlobalSection(ExtensibilityGlobals) = postSolution
		SolutionGuid = {8CF5E4EE-C2E7-4A0E-9AC2-9BFF38CB5B41}
	EndGlobalSection
EndGlobal
